
Microsoft Visual Studio Solution File, Format Version 12.00
# Visual Studio 15
VisualStudioVersion = 15.0.26124.0
MinimumVisualStudioVersion = 15.0.26124.0
Project("{9A19103F-16F7-4668-BE54-9A1E7A4F7556}") = "R5T.Kefalonia.Construction", "R5T.Kefalonia.Construction\R5T.Kefalonia.Construction.csproj", "{9B3DFECD-A611-4090-892C-9411F02DE973}"
EndProject
Project("{9A19103F-16F7-4668-BE54-9A1E7A4F7556}") = "R5T.Kefalonia", "R5T.Kefalonia\R5T.Kefalonia.csproj", "{E386EF18-2633-45E2-92F8-5336729FEFF3}"
EndProject
Project("{2150E333-8FDC-42A3-9474-1A3956D46DE8}") = "_Dependencies", "_Dependencies", "{5892F10F-4CAA-4FA7-8F7B-43A9A775F5C1}"
EndProject
Project("{9A19103F-16F7-4668-BE54-9A1E7A4F7556}") = "R5T.Kefalonia.Base", "..\..\R5T.Kefalonia.Base\source\R5T.Kefalonia.Base\R5T.Kefalonia.Base.csproj", "{2D850C54-3D90-40A8-AE1B-F020DAE3A413}"
EndProject
Project("{9A19103F-16F7-4668-BE54-9A1E7A4F7556}") = "R5T.Gloucester.Types", "..\..\R5T.Gloucester.Types\source\R5T.Gloucester.Types\R5T.Gloucester.Types.csproj", "{53BBF95E-E7B4-4E0B-88A3-D71C54FB37FA}"
EndProject
Project("{9A19103F-16F7-4668-BE54-9A1E7A4F7556}") = "R5T.Ostersund", "..\..\R5T.Ostersund\source\R5T.Ostersund\R5T.Ostersund.csproj", "{F035A5FB-5EC1-4859-9755-FBB8785A241D}"
EndProject
Project("{9A19103F-16F7-4668-BE54-9A1E7A4F7556}") = "R5T.Megara.Base", "..\..\R5T.Megara.Base\source\R5T.Megara.Base\R5T.Megara.Base.csproj", "{BCD6B3F3-5C10-4AE3-B9A2-5AB5E4C80CFD}"
EndProject
Project("{9A19103F-16F7-4668-BE54-9A1E7A4F7556}") = "R5T.Liverpool.HostedServiceProgram", "..\..\R5T.Liverpool\source\R5T.Liverpool.HostedServiceProgram\R5T.Liverpool.HostedServiceProgram.csproj", "{A89CF06E-7EF4-4DC6-B00D-2E3CAA486604}"
EndProject
Project("{9A19103F-16F7-4668-BE54-9A1E7A4F7556}") = "R5T.Liverpool.Host", "..\..\R5T.Liverpool\source\R5T.Liverpool.Host\R5T.Liverpool.Host.csproj", "{3C5A0AD8-A3BF-4D2F-B16F-C1EDFC2BB440}"
EndProject
Project("{9A19103F-16F7-4668-BE54-9A1E7A4F7556}") = "R5T.Liverpool.Host.Types", "..\..\R5T.Liverpool\source\R5T.Liverpool.Host.Types\R5T.Liverpool.Host.Types.csproj", "{76ED1B55-DA08-4A0D-BC17-F7EE7FB1BD25}"
EndProject
Project("{9A19103F-16F7-4668-BE54-9A1E7A4F7556}") = "R5T.Harstad", "..\..\R5T.Harstad\source\R5T.Harstad\R5T.Harstad.csproj", "{695563D1-7F91-4F80-A89A-B5A825741639}"
EndProject
Project("{9A19103F-16F7-4668-BE54-9A1E7A4F7556}") = "R5T.Liverpool.Types", "..\..\R5T.Liverpool\source\R5T.Liverpool.Types\R5T.Liverpool.Types.csproj", "{FDA416DA-8DE0-4262-8C7E-DFFB69111983}"
EndProject
Project("{9A19103F-16F7-4668-BE54-9A1E7A4F7556}") = "R5T.Chamavia.Extensions", "..\..\R5T.Chamavia.Extensions\source\R5T.Chamavia.Extensions\R5T.Chamavia.Extensions.csproj", "{DF867BF0-ECFB-4558-93E0-9C0262270374}"
EndProject
Project("{9A19103F-16F7-4668-BE54-9A1E7A4F7556}") = "R5T.Chamavia", "..\..\R5T.Chamavia\source\R5T.Chamavia\R5T.Chamavia.csproj", "{5566D559-BA0F-4A86-A6FB-18DBEB53B01A}"
EndProject
Project("{9A19103F-16F7-4668-BE54-9A1E7A4F7556}") = "R5T.Dacia", "..\..\R5T.Dacia\source\R5T.Dacia\R5T.Dacia.csproj", "{B3775F62-AF2C-4A70-914B-2DBDBFF9A3B8}"
EndProject
Project("{9A19103F-16F7-4668-BE54-9A1E7A4F7556}") = "R5T.Liverpool.Abstractions", "..\..\R5T.Liverpool\source\R5T.Liverpool.Abstractions\R5T.Liverpool.Abstractions.csproj", "{8517EAF2-5F72-498D-9783-C60D0D92734C}"
EndProject
Project("{9A19103F-16F7-4668-BE54-9A1E7A4F7556}") = "R5T.Liverpool.Startup", "..\..\R5T.Liverpool\source\R5T.Liverpool.Startup\R5T.Liverpool.Startup.csproj", "{040CD149-BA65-434C-B42F-9500E038181A}"
EndProject
Project("{9A19103F-16F7-4668-BE54-9A1E7A4F7556}") = "R5T.Exeter", "..\..\R5T.Exeter\source\R5T.Exeter\R5T.Exeter.csproj", "{0B7C5400-249E-4AB2-B714-E709A959A0F0}"
EndProject
Project("{9A19103F-16F7-4668-BE54-9A1E7A4F7556}") = "R5T.Dacia.Extensions", "..\..\R5T.Dacia.Extensions\source\R5T.Dacia.Extensions\R5T.Dacia.Extensions.csproj", "{DF6102BF-9E48-4B0F-A54D-C43C0448D7BE}"
EndProject
Project("{9A19103F-16F7-4668-BE54-9A1E7A4F7556}") = "R5T.Langobard.Extensions", "..\..\R5T.Langobard.Extensions\source\R5T.Langobard.Extensions\R5T.Langobard.Extensions.csproj", "{73EFA8FD-C27B-4EC2-8E58-331A5648D84E}"
EndProject
Project("{9A19103F-16F7-4668-BE54-9A1E7A4F7556}") = "R5T.Langobard", "..\..\R5T.Langobard\source\R5T.Langobard\R5T.Langobard.csproj", "{D01A02B7-5167-4021-87C5-FCCEA59EE0DF}"
EndProject
Project("{9A19103F-16F7-4668-BE54-9A1E7A4F7556}") = "R5T.Liverpool.Startup.Core", "..\..\R5T.Liverpool\source\R5T.Liverpool.Startup.Core\R5T.Liverpool.Startup.Core.csproj", "{1C4FB005-3014-48A3-94C1-377EDE55D90F}"
EndProject
Project("{9A19103F-16F7-4668-BE54-9A1E7A4F7556}") = "R5T.Richmond.Abstractions", "..\..\R5T.Richmond.Abstractions\source\R5T.Richmond.Abstractions\R5T.Richmond.Abstractions.csproj", "{58F96731-9A25-449A-8251-706867C55E9D}"
EndProject
Project("{9A19103F-16F7-4668-BE54-9A1E7A4F7556}") = "R5T.Richmond.Types", "..\..\R5T.Richmond.Types\source\R5T.Richmond.Types\R5T.Richmond.Types.csproj", "{8FDD599D-9659-499C-A17F-9AB6506B6A5C}"
EndProject
Global
	GlobalSection(SolutionConfigurationPlatforms) = preSolution
		Debug|Any CPU = Debug|Any CPU
		Debug|x64 = Debug|x64
		Debug|x86 = Debug|x86
		Release|Any CPU = Release|Any CPU
		Release|x64 = Release|x64
		Release|x86 = Release|x86
	EndGlobalSection
	GlobalSection(ProjectConfigurationPlatforms) = postSolution
		{9B3DFECD-A611-4090-892C-9411F02DE973}.Debug|Any CPU.ActiveCfg = Debug|Any CPU
		{9B3DFECD-A611-4090-892C-9411F02DE973}.Debug|Any CPU.Build.0 = Debug|Any CPU
		{9B3DFECD-A611-4090-892C-9411F02DE973}.Debug|x64.ActiveCfg = Debug|Any CPU
		{9B3DFECD-A611-4090-892C-9411F02DE973}.Debug|x64.Build.0 = Debug|Any CPU
		{9B3DFECD-A611-4090-892C-9411F02DE973}.Debug|x86.ActiveCfg = Debug|Any CPU
		{9B3DFECD-A611-4090-892C-9411F02DE973}.Debug|x86.Build.0 = Debug|Any CPU
		{9B3DFECD-A611-4090-892C-9411F02DE973}.Release|Any CPU.ActiveCfg = Release|Any CPU
		{9B3DFECD-A611-4090-892C-9411F02DE973}.Release|Any CPU.Build.0 = Release|Any CPU
		{9B3DFECD-A611-4090-892C-9411F02DE973}.Release|x64.ActiveCfg = Release|Any CPU
		{9B3DFECD-A611-4090-892C-9411F02DE973}.Release|x64.Build.0 = Release|Any CPU
		{9B3DFECD-A611-4090-892C-9411F02DE973}.Release|x86.ActiveCfg = Release|Any CPU
		{9B3DFECD-A611-4090-892C-9411F02DE973}.Release|x86.Build.0 = Release|Any CPU
		{E386EF18-2633-45E2-92F8-5336729FEFF3}.Debug|Any CPU.ActiveCfg = Debug|Any CPU
		{E386EF18-2633-45E2-92F8-5336729FEFF3}.Debug|Any CPU.Build.0 = Debug|Any CPU
		{E386EF18-2633-45E2-92F8-5336729FEFF3}.Debug|x64.ActiveCfg = Debug|Any CPU
		{E386EF18-2633-45E2-92F8-5336729FEFF3}.Debug|x64.Build.0 = Debug|Any CPU
		{E386EF18-2633-45E2-92F8-5336729FEFF3}.Debug|x86.ActiveCfg = Debug|Any CPU
		{E386EF18-2633-45E2-92F8-5336729FEFF3}.Debug|x86.Build.0 = Debug|Any CPU
		{E386EF18-2633-45E2-92F8-5336729FEFF3}.Release|Any CPU.ActiveCfg = Release|Any CPU
		{E386EF18-2633-45E2-92F8-5336729FEFF3}.Release|Any CPU.Build.0 = Release|Any CPU
		{E386EF18-2633-45E2-92F8-5336729FEFF3}.Release|x64.ActiveCfg = Release|Any CPU
		{E386EF18-2633-45E2-92F8-5336729FEFF3}.Release|x64.Build.0 = Release|Any CPU
		{E386EF18-2633-45E2-92F8-5336729FEFF3}.Release|x86.ActiveCfg = Release|Any CPU
		{E386EF18-2633-45E2-92F8-5336729FEFF3}.Release|x86.Build.0 = Release|Any CPU
		{2D850C54-3D90-40A8-AE1B-F020DAE3A413}.Debug|Any CPU.ActiveCfg = Debug|Any CPU
		{2D850C54-3D90-40A8-AE1B-F020DAE3A413}.Debug|Any CPU.Build.0 = Debug|Any CPU
		{2D850C54-3D90-40A8-AE1B-F020DAE3A413}.Debug|x64.ActiveCfg = Debug|Any CPU
		{2D850C54-3D90-40A8-AE1B-F020DAE3A413}.Debug|x64.Build.0 = Debug|Any CPU
		{2D850C54-3D90-40A8-AE1B-F020DAE3A413}.Debug|x86.ActiveCfg = Debug|Any CPU
		{2D850C54-3D90-40A8-AE1B-F020DAE3A413}.Debug|x86.Build.0 = Debug|Any CPU
		{2D850C54-3D90-40A8-AE1B-F020DAE3A413}.Release|Any CPU.ActiveCfg = Release|Any CPU
		{2D850C54-3D90-40A8-AE1B-F020DAE3A413}.Release|Any CPU.Build.0 = Release|Any CPU
		{2D850C54-3D90-40A8-AE1B-F020DAE3A413}.Release|x64.ActiveCfg = Release|Any CPU
		{2D850C54-3D90-40A8-AE1B-F020DAE3A413}.Release|x64.Build.0 = Release|Any CPU
		{2D850C54-3D90-40A8-AE1B-F020DAE3A413}.Release|x86.ActiveCfg = Release|Any CPU
		{2D850C54-3D90-40A8-AE1B-F020DAE3A413}.Release|x86.Build.0 = Release|Any CPU
		{53BBF95E-E7B4-4E0B-88A3-D71C54FB37FA}.Debug|Any CPU.ActiveCfg = Debug|Any CPU
		{53BBF95E-E7B4-4E0B-88A3-D71C54FB37FA}.Debug|Any CPU.Build.0 = Debug|Any CPU
		{53BBF95E-E7B4-4E0B-88A3-D71C54FB37FA}.Debug|x64.ActiveCfg = Debug|Any CPU
		{53BBF95E-E7B4-4E0B-88A3-D71C54FB37FA}.Debug|x64.Build.0 = Debug|Any CPU
		{53BBF95E-E7B4-4E0B-88A3-D71C54FB37FA}.Debug|x86.ActiveCfg = Debug|Any CPU
		{53BBF95E-E7B4-4E0B-88A3-D71C54FB37FA}.Debug|x86.Build.0 = Debug|Any CPU
		{53BBF95E-E7B4-4E0B-88A3-D71C54FB37FA}.Release|Any CPU.ActiveCfg = Release|Any CPU
		{53BBF95E-E7B4-4E0B-88A3-D71C54FB37FA}.Release|Any CPU.Build.0 = Release|Any CPU
		{53BBF95E-E7B4-4E0B-88A3-D71C54FB37FA}.Release|x64.ActiveCfg = Release|Any CPU
		{53BBF95E-E7B4-4E0B-88A3-D71C54FB37FA}.Release|x64.Build.0 = Release|Any CPU
		{53BBF95E-E7B4-4E0B-88A3-D71C54FB37FA}.Release|x86.ActiveCfg = Release|Any CPU
		{53BBF95E-E7B4-4E0B-88A3-D71C54FB37FA}.Release|x86.Build.0 = Release|Any CPU
		{F035A5FB-5EC1-4859-9755-FBB8785A241D}.Debug|Any CPU.ActiveCfg = Debug|Any CPU
		{F035A5FB-5EC1-4859-9755-FBB8785A241D}.Debug|Any CPU.Build.0 = Debug|Any CPU
		{F035A5FB-5EC1-4859-9755-FBB8785A241D}.Debug|x64.ActiveCfg = Debug|Any CPU
		{F035A5FB-5EC1-4859-9755-FBB8785A241D}.Debug|x64.Build.0 = Debug|Any CPU
		{F035A5FB-5EC1-4859-9755-FBB8785A241D}.Debug|x86.ActiveCfg = Debug|Any CPU
		{F035A5FB-5EC1-4859-9755-FBB8785A241D}.Debug|x86.Build.0 = Debug|Any CPU
		{F035A5FB-5EC1-4859-9755-FBB8785A241D}.Release|Any CPU.ActiveCfg = Release|Any CPU
		{F035A5FB-5EC1-4859-9755-FBB8785A241D}.Release|Any CPU.Build.0 = Release|Any CPU
		{F035A5FB-5EC1-4859-9755-FBB8785A241D}.Release|x64.ActiveCfg = Release|Any CPU
		{F035A5FB-5EC1-4859-9755-FBB8785A241D}.Release|x64.Build.0 = Release|Any CPU
		{F035A5FB-5EC1-4859-9755-FBB8785A241D}.Release|x86.ActiveCfg = Release|Any CPU
		{F035A5FB-5EC1-4859-9755-FBB8785A241D}.Release|x86.Build.0 = Release|Any CPU
		{BCD6B3F3-5C10-4AE3-B9A2-5AB5E4C80CFD}.Debug|Any CPU.ActiveCfg = Debug|Any CPU
		{BCD6B3F3-5C10-4AE3-B9A2-5AB5E4C80CFD}.Debug|Any CPU.Build.0 = Debug|Any CPU
		{BCD6B3F3-5C10-4AE3-B9A2-5AB5E4C80CFD}.Debug|x64.ActiveCfg = Debug|Any CPU
		{BCD6B3F3-5C10-4AE3-B9A2-5AB5E4C80CFD}.Debug|x64.Build.0 = Debug|Any CPU
		{BCD6B3F3-5C10-4AE3-B9A2-5AB5E4C80CFD}.Debug|x86.ActiveCfg = Debug|Any CPU
		{BCD6B3F3-5C10-4AE3-B9A2-5AB5E4C80CFD}.Debug|x86.Build.0 = Debug|Any CPU
		{BCD6B3F3-5C10-4AE3-B9A2-5AB5E4C80CFD}.Release|Any CPU.ActiveCfg = Release|Any CPU
		{BCD6B3F3-5C10-4AE3-B9A2-5AB5E4C80CFD}.Release|Any CPU.Build.0 = Release|Any CPU
		{BCD6B3F3-5C10-4AE3-B9A2-5AB5E4C80CFD}.Release|x64.ActiveCfg = Release|Any CPU
		{BCD6B3F3-5C10-4AE3-B9A2-5AB5E4C80CFD}.Release|x64.Build.0 = Release|Any CPU
		{BCD6B3F3-5C10-4AE3-B9A2-5AB5E4C80CFD}.Release|x86.ActiveCfg = Release|Any CPU
		{BCD6B3F3-5C10-4AE3-B9A2-5AB5E4C80CFD}.Release|x86.Build.0 = Release|Any CPU
		{A89CF06E-7EF4-4DC6-B00D-2E3CAA486604}.Debug|Any CPU.ActiveCfg = Debug|Any CPU
		{A89CF06E-7EF4-4DC6-B00D-2E3CAA486604}.Debug|Any CPU.Build.0 = Debug|Any CPU
		{A89CF06E-7EF4-4DC6-B00D-2E3CAA486604}.Debug|x64.ActiveCfg = Debug|Any CPU
		{A89CF06E-7EF4-4DC6-B00D-2E3CAA486604}.Debug|x64.Build.0 = Debug|Any CPU
		{A89CF06E-7EF4-4DC6-B00D-2E3CAA486604}.Debug|x86.ActiveCfg = Debug|Any CPU
		{A89CF06E-7EF4-4DC6-B00D-2E3CAA486604}.Debug|x86.Build.0 = Debug|Any CPU
		{A89CF06E-7EF4-4DC6-B00D-2E3CAA486604}.Release|Any CPU.ActiveCfg = Release|Any CPU
		{A89CF06E-7EF4-4DC6-B00D-2E3CAA486604}.Release|Any CPU.Build.0 = Release|Any CPU
		{A89CF06E-7EF4-4DC6-B00D-2E3CAA486604}.Release|x64.ActiveCfg = Release|Any CPU
		{A89CF06E-7EF4-4DC6-B00D-2E3CAA486604}.Release|x64.Build.0 = Release|Any CPU
		{A89CF06E-7EF4-4DC6-B00D-2E3CAA486604}.Release|x86.ActiveCfg = Release|Any CPU
		{A89CF06E-7EF4-4DC6-B00D-2E3CAA486604}.Release|x86.Build.0 = Release|Any CPU
		{3C5A0AD8-A3BF-4D2F-B16F-C1EDFC2BB440}.Debug|Any CPU.ActiveCfg = Debug|Any CPU
		{3C5A0AD8-A3BF-4D2F-B16F-C1EDFC2BB440}.Debug|Any CPU.Build.0 = Debug|Any CPU
		{3C5A0AD8-A3BF-4D2F-B16F-C1EDFC2BB440}.Debug|x64.ActiveCfg = Debug|Any CPU
		{3C5A0AD8-A3BF-4D2F-B16F-C1EDFC2BB440}.Debug|x64.Build.0 = Debug|Any CPU
		{3C5A0AD8-A3BF-4D2F-B16F-C1EDFC2BB440}.Debug|x86.ActiveCfg = Debug|Any CPU
		{3C5A0AD8-A3BF-4D2F-B16F-C1EDFC2BB440}.Debug|x86.Build.0 = Debug|Any CPU
		{3C5A0AD8-A3BF-4D2F-B16F-C1EDFC2BB440}.Release|Any CPU.ActiveCfg = Release|Any CPU
		{3C5A0AD8-A3BF-4D2F-B16F-C1EDFC2BB440}.Release|Any CPU.Build.0 = Release|Any CPU
		{3C5A0AD8-A3BF-4D2F-B16F-C1EDFC2BB440}.Release|x64.ActiveCfg = Release|Any CPU
		{3C5A0AD8-A3BF-4D2F-B16F-C1EDFC2BB440}.Release|x64.Build.0 = Release|Any CPU
		{3C5A0AD8-A3BF-4D2F-B16F-C1EDFC2BB440}.Release|x86.ActiveCfg = Release|Any CPU
		{3C5A0AD8-A3BF-4D2F-B16F-C1EDFC2BB440}.Release|x86.Build.0 = Release|Any CPU
		{76ED1B55-DA08-4A0D-BC17-F7EE7FB1BD25}.Debug|Any CPU.ActiveCfg = Debug|Any CPU
		{76ED1B55-DA08-4A0D-BC17-F7EE7FB1BD25}.Debug|Any CPU.Build.0 = Debug|Any CPU
		{76ED1B55-DA08-4A0D-BC17-F7EE7FB1BD25}.Debug|x64.ActiveCfg = Debug|Any CPU
		{76ED1B55-DA08-4A0D-BC17-F7EE7FB1BD25}.Debug|x64.Build.0 = Debug|Any CPU
		{76ED1B55-DA08-4A0D-BC17-F7EE7FB1BD25}.Debug|x86.ActiveCfg = Debug|Any CPU
		{76ED1B55-DA08-4A0D-BC17-F7EE7FB1BD25}.Debug|x86.Build.0 = Debug|Any CPU
		{76ED1B55-DA08-4A0D-BC17-F7EE7FB1BD25}.Release|Any CPU.ActiveCfg = Release|Any CPU
		{76ED1B55-DA08-4A0D-BC17-F7EE7FB1BD25}.Release|Any CPU.Build.0 = Release|Any CPU
		{76ED1B55-DA08-4A0D-BC17-F7EE7FB1BD25}.Release|x64.ActiveCfg = Release|Any CPU
		{76ED1B55-DA08-4A0D-BC17-F7EE7FB1BD25}.Release|x64.Build.0 = Release|Any CPU
		{76ED1B55-DA08-4A0D-BC17-F7EE7FB1BD25}.Release|x86.ActiveCfg = Release|Any CPU
		{76ED1B55-DA08-4A0D-BC17-F7EE7FB1BD25}.Release|x86.Build.0 = Release|Any CPU
		{695563D1-7F91-4F80-A89A-B5A825741639}.Debug|Any CPU.ActiveCfg = Debug|Any CPU
		{695563D1-7F91-4F80-A89A-B5A825741639}.Debug|Any CPU.Build.0 = Debug|Any CPU
		{695563D1-7F91-4F80-A89A-B5A825741639}.Debug|x64.ActiveCfg = Debug|Any CPU
		{695563D1-7F91-4F80-A89A-B5A825741639}.Debug|x64.Build.0 = Debug|Any CPU
		{695563D1-7F91-4F80-A89A-B5A825741639}.Debug|x86.ActiveCfg = Debug|Any CPU
		{695563D1-7F91-4F80-A89A-B5A825741639}.Debug|x86.Build.0 = Debug|Any CPU
		{695563D1-7F91-4F80-A89A-B5A825741639}.Release|Any CPU.ActiveCfg = Release|Any CPU
		{695563D1-7F91-4F80-A89A-B5A825741639}.Release|Any CPU.Build.0 = Release|Any CPU
		{695563D1-7F91-4F80-A89A-B5A825741639}.Release|x64.ActiveCfg = Release|Any CPU
		{695563D1-7F91-4F80-A89A-B5A825741639}.Release|x64.Build.0 = Release|Any CPU
		{695563D1-7F91-4F80-A89A-B5A825741639}.Release|x86.ActiveCfg = Release|Any CPU
		{695563D1-7F91-4F80-A89A-B5A825741639}.Release|x86.Build.0 = Release|Any CPU
		{FDA416DA-8DE0-4262-8C7E-DFFB69111983}.Debug|Any CPU.ActiveCfg = Debug|Any CPU
		{FDA416DA-8DE0-4262-8C7E-DFFB69111983}.Debug|Any CPU.Build.0 = Debug|Any CPU
		{FDA416DA-8DE0-4262-8C7E-DFFB69111983}.Debug|x64.ActiveCfg = Debug|Any CPU
		{FDA416DA-8DE0-4262-8C7E-DFFB69111983}.Debug|x64.Build.0 = Debug|Any CPU
		{FDA416DA-8DE0-4262-8C7E-DFFB69111983}.Debug|x86.ActiveCfg = Debug|Any CPU
		{FDA416DA-8DE0-4262-8C7E-DFFB69111983}.Debug|x86.Build.0 = Debug|Any CPU
		{FDA416DA-8DE0-4262-8C7E-DFFB69111983}.Release|Any CPU.ActiveCfg = Release|Any CPU
		{FDA416DA-8DE0-4262-8C7E-DFFB69111983}.Release|Any CPU.Build.0 = Release|Any CPU
		{FDA416DA-8DE0-4262-8C7E-DFFB69111983}.Release|x64.ActiveCfg = Release|Any CPU
		{FDA416DA-8DE0-4262-8C7E-DFFB69111983}.Release|x64.Build.0 = Release|Any CPU
		{FDA416DA-8DE0-4262-8C7E-DFFB69111983}.Release|x86.ActiveCfg = Release|Any CPU
		{FDA416DA-8DE0-4262-8C7E-DFFB69111983}.Release|x86.Build.0 = Release|Any CPU
		{DF867BF0-ECFB-4558-93E0-9C0262270374}.Debug|Any CPU.ActiveCfg = Debug|Any CPU
		{DF867BF0-ECFB-4558-93E0-9C0262270374}.Debug|Any CPU.Build.0 = Debug|Any CPU
		{DF867BF0-ECFB-4558-93E0-9C0262270374}.Debug|x64.ActiveCfg = Debug|Any CPU
		{DF867BF0-ECFB-4558-93E0-9C0262270374}.Debug|x64.Build.0 = Debug|Any CPU
		{DF867BF0-ECFB-4558-93E0-9C0262270374}.Debug|x86.ActiveCfg = Debug|Any CPU
		{DF867BF0-ECFB-4558-93E0-9C0262270374}.Debug|x86.Build.0 = Debug|Any CPU
		{DF867BF0-ECFB-4558-93E0-9C0262270374}.Release|Any CPU.ActiveCfg = Release|Any CPU
		{DF867BF0-ECFB-4558-93E0-9C0262270374}.Release|Any CPU.Build.0 = Release|Any CPU
		{DF867BF0-ECFB-4558-93E0-9C0262270374}.Release|x64.ActiveCfg = Release|Any CPU
		{DF867BF0-ECFB-4558-93E0-9C0262270374}.Release|x64.Build.0 = Release|Any CPU
		{DF867BF0-ECFB-4558-93E0-9C0262270374}.Release|x86.ActiveCfg = Release|Any CPU
		{DF867BF0-ECFB-4558-93E0-9C0262270374}.Release|x86.Build.0 = Release|Any CPU
		{5566D559-BA0F-4A86-A6FB-18DBEB53B01A}.Debug|Any CPU.ActiveCfg = Debug|Any CPU
		{5566D559-BA0F-4A86-A6FB-18DBEB53B01A}.Debug|Any CPU.Build.0 = Debug|Any CPU
		{5566D559-BA0F-4A86-A6FB-18DBEB53B01A}.Debug|x64.ActiveCfg = Debug|Any CPU
		{5566D559-BA0F-4A86-A6FB-18DBEB53B01A}.Debug|x64.Build.0 = Debug|Any CPU
		{5566D559-BA0F-4A86-A6FB-18DBEB53B01A}.Debug|x86.ActiveCfg = Debug|Any CPU
		{5566D559-BA0F-4A86-A6FB-18DBEB53B01A}.Debug|x86.Build.0 = Debug|Any CPU
		{5566D559-BA0F-4A86-A6FB-18DBEB53B01A}.Release|Any CPU.ActiveCfg = Release|Any CPU
		{5566D559-BA0F-4A86-A6FB-18DBEB53B01A}.Release|Any CPU.Build.0 = Release|Any CPU
		{5566D559-BA0F-4A86-A6FB-18DBEB53B01A}.Release|x64.ActiveCfg = Release|Any CPU
		{5566D559-BA0F-4A86-A6FB-18DBEB53B01A}.Release|x64.Build.0 = Release|Any CPU
		{5566D559-BA0F-4A86-A6FB-18DBEB53B01A}.Release|x86.ActiveCfg = Release|Any CPU
		{5566D559-BA0F-4A86-A6FB-18DBEB53B01A}.Release|x86.Build.0 = Release|Any CPU
		{B3775F62-AF2C-4A70-914B-2DBDBFF9A3B8}.Debug|Any CPU.ActiveCfg = Debug|Any CPU
		{B3775F62-AF2C-4A70-914B-2DBDBFF9A3B8}.Debug|Any CPU.Build.0 = Debug|Any CPU
		{B3775F62-AF2C-4A70-914B-2DBDBFF9A3B8}.Debug|x64.ActiveCfg = Debug|Any CPU
		{B3775F62-AF2C-4A70-914B-2DBDBFF9A3B8}.Debug|x64.Build.0 = Debug|Any CPU
		{B3775F62-AF2C-4A70-914B-2DBDBFF9A3B8}.Debug|x86.ActiveCfg = Debug|Any CPU
		{B3775F62-AF2C-4A70-914B-2DBDBFF9A3B8}.Debug|x86.Build.0 = Debug|Any CPU
		{B3775F62-AF2C-4A70-914B-2DBDBFF9A3B8}.Release|Any CPU.ActiveCfg = Release|Any CPU
		{B3775F62-AF2C-4A70-914B-2DBDBFF9A3B8}.Release|Any CPU.Build.0 = Release|Any CPU
		{B3775F62-AF2C-4A70-914B-2DBDBFF9A3B8}.Release|x64.ActiveCfg = Release|Any CPU
		{B3775F62-AF2C-4A70-914B-2DBDBFF9A3B8}.Release|x64.Build.0 = Release|Any CPU
		{B3775F62-AF2C-4A70-914B-2DBDBFF9A3B8}.Release|x86.ActiveCfg = Release|Any CPU
		{B3775F62-AF2C-4A70-914B-2DBDBFF9A3B8}.Release|x86.Build.0 = Release|Any CPU
		{8517EAF2-5F72-498D-9783-C60D0D92734C}.Debug|Any CPU.ActiveCfg = Debug|Any CPU
		{8517EAF2-5F72-498D-9783-C60D0D92734C}.Debug|Any CPU.Build.0 = Debug|Any CPU
		{8517EAF2-5F72-498D-9783-C60D0D92734C}.Debug|x64.ActiveCfg = Debug|Any CPU
		{8517EAF2-5F72-498D-9783-C60D0D92734C}.Debug|x64.Build.0 = Debug|Any CPU
		{8517EAF2-5F72-498D-9783-C60D0D92734C}.Debug|x86.ActiveCfg = Debug|Any CPU
		{8517EAF2-5F72-498D-9783-C60D0D92734C}.Debug|x86.Build.0 = Debug|Any CPU
		{8517EAF2-5F72-498D-9783-C60D0D92734C}.Release|Any CPU.ActiveCfg = Release|Any CPU
		{8517EAF2-5F72-498D-9783-C60D0D92734C}.Release|Any CPU.Build.0 = Release|Any CPU
		{8517EAF2-5F72-498D-9783-C60D0D92734C}.Release|x64.ActiveCfg = Release|Any CPU
		{8517EAF2-5F72-498D-9783-C60D0D92734C}.Release|x64.Build.0 = Release|Any CPU
		{8517EAF2-5F72-498D-9783-C60D0D92734C}.Release|x86.ActiveCfg = Release|Any CPU
		{8517EAF2-5F72-498D-9783-C60D0D92734C}.Release|x86.Build.0 = Release|Any CPU
		{040CD149-BA65-434C-B42F-9500E038181A}.Debug|Any CPU.ActiveCfg = Debug|Any CPU
		{040CD149-BA65-434C-B42F-9500E038181A}.Debug|Any CPU.Build.0 = Debug|Any CPU
		{040CD149-BA65-434C-B42F-9500E038181A}.Debug|x64.ActiveCfg = Debug|Any CPU
		{040CD149-BA65-434C-B42F-9500E038181A}.Debug|x64.Build.0 = Debug|Any CPU
		{040CD149-BA65-434C-B42F-9500E038181A}.Debug|x86.ActiveCfg = Debug|Any CPU
		{040CD149-BA65-434C-B42F-9500E038181A}.Debug|x86.Build.0 = Debug|Any CPU
		{040CD149-BA65-434C-B42F-9500E038181A}.Release|Any CPU.ActiveCfg = Release|Any CPU
		{040CD149-BA65-434C-B42F-9500E038181A}.Release|Any CPU.Build.0 = Release|Any CPU
		{040CD149-BA65-434C-B42F-9500E038181A}.Release|x64.ActiveCfg = Release|Any CPU
		{040CD149-BA65-434C-B42F-9500E038181A}.Release|x64.Build.0 = Release|Any CPU
		{040CD149-BA65-434C-B42F-9500E038181A}.Release|x86.ActiveCfg = Release|Any CPU
		{040CD149-BA65-434C-B42F-9500E038181A}.Release|x86.Build.0 = Release|Any CPU
		{0B7C5400-249E-4AB2-B714-E709A959A0F0}.Debug|Any CPU.ActiveCfg = Debug|Any CPU
		{0B7C5400-249E-4AB2-B714-E709A959A0F0}.Debug|Any CPU.Build.0 = Debug|Any CPU
		{0B7C5400-249E-4AB2-B714-E709A959A0F0}.Debug|x64.ActiveCfg = Debug|Any CPU
		{0B7C5400-249E-4AB2-B714-E709A959A0F0}.Debug|x64.Build.0 = Debug|Any CPU
		{0B7C5400-249E-4AB2-B714-E709A959A0F0}.Debug|x86.ActiveCfg = Debug|Any CPU
		{0B7C5400-249E-4AB2-B714-E709A959A0F0}.Debug|x86.Build.0 = Debug|Any CPU
		{0B7C5400-249E-4AB2-B714-E709A959A0F0}.Release|Any CPU.ActiveCfg = Release|Any CPU
		{0B7C5400-249E-4AB2-B714-E709A959A0F0}.Release|Any CPU.Build.0 = Release|Any CPU
		{0B7C5400-249E-4AB2-B714-E709A959A0F0}.Release|x64.ActiveCfg = Release|Any CPU
		{0B7C5400-249E-4AB2-B714-E709A959A0F0}.Release|x64.Build.0 = Release|Any CPU
		{0B7C5400-249E-4AB2-B714-E709A959A0F0}.Release|x86.ActiveCfg = Release|Any CPU
		{0B7C5400-249E-4AB2-B714-E709A959A0F0}.Release|x86.Build.0 = Release|Any CPU
		{DF6102BF-9E48-4B0F-A54D-C43C0448D7BE}.Debug|Any CPU.ActiveCfg = Debug|Any CPU
		{DF6102BF-9E48-4B0F-A54D-C43C0448D7BE}.Debug|Any CPU.Build.0 = Debug|Any CPU
		{DF6102BF-9E48-4B0F-A54D-C43C0448D7BE}.Debug|x64.ActiveCfg = Debug|Any CPU
		{DF6102BF-9E48-4B0F-A54D-C43C0448D7BE}.Debug|x64.Build.0 = Debug|Any CPU
		{DF6102BF-9E48-4B0F-A54D-C43C0448D7BE}.Debug|x86.ActiveCfg = Debug|Any CPU
		{DF6102BF-9E48-4B0F-A54D-C43C0448D7BE}.Debug|x86.Build.0 = Debug|Any CPU
		{DF6102BF-9E48-4B0F-A54D-C43C0448D7BE}.Release|Any CPU.ActiveCfg = Release|Any CPU
		{DF6102BF-9E48-4B0F-A54D-C43C0448D7BE}.Release|Any CPU.Build.0 = Release|Any CPU
		{DF6102BF-9E48-4B0F-A54D-C43C0448D7BE}.Release|x64.ActiveCfg = Release|Any CPU
		{DF6102BF-9E48-4B0F-A54D-C43C0448D7BE}.Release|x64.Build.0 = Release|Any CPU
		{DF6102BF-9E48-4B0F-A54D-C43C0448D7BE}.Release|x86.ActiveCfg = Release|Any CPU
		{DF6102BF-9E48-4B0F-A54D-C43C0448D7BE}.Release|x86.Build.0 = Release|Any CPU
		{73EFA8FD-C27B-4EC2-8E58-331A5648D84E}.Debug|Any CPU.ActiveCfg = Debug|Any CPU
		{73EFA8FD-C27B-4EC2-8E58-331A5648D84E}.Debug|Any CPU.Build.0 = Debug|Any CPU
		{73EFA8FD-C27B-4EC2-8E58-331A5648D84E}.Debug|x64.ActiveCfg = Debug|Any CPU
		{73EFA8FD-C27B-4EC2-8E58-331A5648D84E}.Debug|x64.Build.0 = Debug|Any CPU
		{73EFA8FD-C27B-4EC2-8E58-331A5648D84E}.Debug|x86.ActiveCfg = Debug|Any CPU
		{73EFA8FD-C27B-4EC2-8E58-331A5648D84E}.Debug|x86.Build.0 = Debug|Any CPU
		{73EFA8FD-C27B-4EC2-8E58-331A5648D84E}.Release|Any CPU.ActiveCfg = Release|Any CPU
		{73EFA8FD-C27B-4EC2-8E58-331A5648D84E}.Release|Any CPU.Build.0 = Release|Any CPU
		{73EFA8FD-C27B-4EC2-8E58-331A5648D84E}.Release|x64.ActiveCfg = Release|Any CPU
		{73EFA8FD-C27B-4EC2-8E58-331A5648D84E}.Release|x64.Build.0 = Release|Any CPU
		{73EFA8FD-C27B-4EC2-8E58-331A5648D84E}.Release|x86.ActiveCfg = Release|Any CPU
		{73EFA8FD-C27B-4EC2-8E58-331A5648D84E}.Release|x86.Build.0 = Release|Any CPU
		{D01A02B7-5167-4021-87C5-FCCEA59EE0DF}.Debug|Any CPU.ActiveCfg = Debug|Any CPU
		{D01A02B7-5167-4021-87C5-FCCEA59EE0DF}.Debug|Any CPU.Build.0 = Debug|Any CPU
		{D01A02B7-5167-4021-87C5-FCCEA59EE0DF}.Debug|x64.ActiveCfg = Debug|Any CPU
		{D01A02B7-5167-4021-87C5-FCCEA59EE0DF}.Debug|x64.Build.0 = Debug|Any CPU
		{D01A02B7-5167-4021-87C5-FCCEA59EE0DF}.Debug|x86.ActiveCfg = Debug|Any CPU
		{D01A02B7-5167-4021-87C5-FCCEA59EE0DF}.Debug|x86.Build.0 = Debug|Any CPU
		{D01A02B7-5167-4021-87C5-FCCEA59EE0DF}.Release|Any CPU.ActiveCfg = Release|Any CPU
		{D01A02B7-5167-4021-87C5-FCCEA59EE0DF}.Release|Any CPU.Build.0 = Release|Any CPU
		{D01A02B7-5167-4021-87C5-FCCEA59EE0DF}.Release|x64.ActiveCfg = Release|Any CPU
		{D01A02B7-5167-4021-87C5-FCCEA59EE0DF}.Release|x64.Build.0 = Release|Any CPU
		{D01A02B7-5167-4021-87C5-FCCEA59EE0DF}.Release|x86.ActiveCfg = Release|Any CPU
		{D01A02B7-5167-4021-87C5-FCCEA59EE0DF}.Release|x86.Build.0 = Release|Any CPU
		{1C4FB005-3014-48A3-94C1-377EDE55D90F}.Debug|Any CPU.ActiveCfg = Debug|Any CPU
		{1C4FB005-3014-48A3-94C1-377EDE55D90F}.Debug|Any CPU.Build.0 = Debug|Any CPU
		{1C4FB005-3014-48A3-94C1-377EDE55D90F}.Debug|x64.ActiveCfg = Debug|Any CPU
		{1C4FB005-3014-48A3-94C1-377EDE55D90F}.Debug|x64.Build.0 = Debug|Any CPU
		{1C4FB005-3014-48A3-94C1-377EDE55D90F}.Debug|x86.ActiveCfg = Debug|Any CPU
		{1C4FB005-3014-48A3-94C1-377EDE55D90F}.Debug|x86.Build.0 = Debug|Any CPU
		{1C4FB005-3014-48A3-94C1-377EDE55D90F}.Release|Any CPU.ActiveCfg = Release|Any CPU
		{1C4FB005-3014-48A3-94C1-377EDE55D90F}.Release|Any CPU.Build.0 = Release|Any CPU
		{1C4FB005-3014-48A3-94C1-377EDE55D90F}.Release|x64.ActiveCfg = Release|Any CPU
		{1C4FB005-3014-48A3-94C1-377EDE55D90F}.Release|x64.Build.0 = Release|Any CPU
		{1C4FB005-3014-48A3-94C1-377EDE55D90F}.Release|x86.ActiveCfg = Release|Any CPU
		{1C4FB005-3014-48A3-94C1-377EDE55D90F}.Release|x86.Build.0 = Release|Any CPU
		{58F96731-9A25-449A-8251-706867C55E9D}.Debug|Any CPU.ActiveCfg = Debug|Any CPU
		{58F96731-9A25-449A-8251-706867C55E9D}.Debug|Any CPU.Build.0 = Debug|Any CPU
		{58F96731-9A25-449A-8251-706867C55E9D}.Debug|x64.ActiveCfg = Debug|Any CPU
		{58F96731-9A25-449A-8251-706867C55E9D}.Debug|x64.Build.0 = Debug|Any CPU
		{58F96731-9A25-449A-8251-706867C55E9D}.Debug|x86.ActiveCfg = Debug|Any CPU
		{58F96731-9A25-449A-8251-706867C55E9D}.Debug|x86.Build.0 = Debug|Any CPU
		{58F96731-9A25-449A-8251-706867C55E9D}.Release|Any CPU.ActiveCfg = Release|Any CPU
		{58F96731-9A25-449A-8251-706867C55E9D}.Release|Any CPU.Build.0 = Release|Any CPU
		{58F96731-9A25-449A-8251-706867C55E9D}.Release|x64.ActiveCfg = Release|Any CPU
		{58F96731-9A25-449A-8251-706867C55E9D}.Release|x64.Build.0 = Release|Any CPU
		{58F96731-9A25-449A-8251-706867C55E9D}.Release|x86.ActiveCfg = Release|Any CPU
		{58F96731-9A25-449A-8251-706867C55E9D}.Release|x86.Build.0 = Release|Any CPU
		{8FDD599D-9659-499C-A17F-9AB6506B6A5C}.Debug|Any CPU.ActiveCfg = Debug|Any CPU
		{8FDD599D-9659-499C-A17F-9AB6506B6A5C}.Debug|Any CPU.Build.0 = Debug|Any CPU
		{8FDD599D-9659-499C-A17F-9AB6506B6A5C}.Debug|x64.ActiveCfg = Debug|Any CPU
		{8FDD599D-9659-499C-A17F-9AB6506B6A5C}.Debug|x64.Build.0 = Debug|Any CPU
		{8FDD599D-9659-499C-A17F-9AB6506B6A5C}.Debug|x86.ActiveCfg = Debug|Any CPU
		{8FDD599D-9659-499C-A17F-9AB6506B6A5C}.Debug|x86.Build.0 = Debug|Any CPU
		{8FDD599D-9659-499C-A17F-9AB6506B6A5C}.Release|Any CPU.ActiveCfg = Release|Any CPU
		{8FDD599D-9659-499C-A17F-9AB6506B6A5C}.Release|Any CPU.Build.0 = Release|Any CPU
		{8FDD599D-9659-499C-A17F-9AB6506B6A5C}.Release|x64.ActiveCfg = Release|Any CPU
		{8FDD599D-9659-499C-A17F-9AB6506B6A5C}.Release|x64.Build.0 = Release|Any CPU
		{8FDD599D-9659-499C-A17F-9AB6506B6A5C}.Release|x86.ActiveCfg = Release|Any CPU
		{8FDD599D-9659-499C-A17F-9AB6506B6A5C}.Release|x86.Build.0 = Release|Any CPU
	EndGlobalSection
	GlobalSection(SolutionProperties) = preSolution
		HideSolutionNode = FALSE
	EndGlobalSection
	GlobalSection(NestedProjects) = preSolution
		{2D850C54-3D90-40A8-AE1B-F020DAE3A413} = {5892F10F-4CAA-4FA7-8F7B-43A9A775F5C1}
		{53BBF95E-E7B4-4E0B-88A3-D71C54FB37FA} = {5892F10F-4CAA-4FA7-8F7B-43A9A775F5C1}
		{F035A5FB-5EC1-4859-9755-FBB8785A241D} = {5892F10F-4CAA-4FA7-8F7B-43A9A775F5C1}
		{BCD6B3F3-5C10-4AE3-B9A2-5AB5E4C80CFD} = {5892F10F-4CAA-4FA7-8F7B-43A9A775F5C1}
		{A89CF06E-7EF4-4DC6-B00D-2E3CAA486604} = {5892F10F-4CAA-4FA7-8F7B-43A9A775F5C1}
		{3C5A0AD8-A3BF-4D2F-B16F-C1EDFC2BB440} = {5892F10F-4CAA-4FA7-8F7B-43A9A775F5C1}
		{76ED1B55-DA08-4A0D-BC17-F7EE7FB1BD25} = {5892F10F-4CAA-4FA7-8F7B-43A9A775F5C1}
		{695563D1-7F91-4F80-A89A-B5A825741639} = {5892F10F-4CAA-4FA7-8F7B-43A9A775F5C1}
		{FDA416DA-8DE0-4262-8C7E-DFFB69111983} = {5892F10F-4CAA-4FA7-8F7B-43A9A775F5C1}
		{DF867BF0-ECFB-4558-93E0-9C0262270374} = {5892F10F-4CAA-4FA7-8F7B-43A9A775F5C1}
		{5566D559-BA0F-4A86-A6FB-18DBEB53B01A} = {5892F10F-4CAA-4FA7-8F7B-43A9A775F5C1}
		{B3775F62-AF2C-4A70-914B-2DBDBFF9A3B8} = {5892F10F-4CAA-4FA7-8F7B-43A9A775F5C1}
		{8517EAF2-5F72-498D-9783-C60D0D92734C} = {5892F10F-4CAA-4FA7-8F7B-43A9A775F5C1}
		{040CD149-BA65-434C-B42F-9500E038181A} = {5892F10F-4CAA-4FA7-8F7B-43A9A775F5C1}
		{0B7C5400-249E-4AB2-B714-E709A959A0F0} = {5892F10F-4CAA-4FA7-8F7B-43A9A775F5C1}
		{DF6102BF-9E48-4B0F-A54D-C43C0448D7BE} = {5892F10F-4CAA-4FA7-8F7B-43A9A775F5C1}
		{73EFA8FD-C27B-4EC2-8E58-331A5648D84E} = {5892F10F-4CAA-4FA7-8F7B-43A9A775F5C1}
		{D01A02B7-5167-4021-87C5-FCCEA59EE0DF} = {5892F10F-4CAA-4FA7-8F7B-43A9A775F5C1}
		{1C4FB005-3014-48A3-94C1-377EDE55D90F} = {5892F10F-4CAA-4FA7-8F7B-43A9A775F5C1}
		{58F96731-9A25-449A-8251-706867C55E9D} = {5892F10F-4CAA-4FA7-8F7B-43A9A775F5C1}
		{8FDD599D-9659-499C-A17F-9AB6506B6A5C} = {5892F10F-4CAA-4FA7-8F7B-43A9A775F5C1}
	EndGlobalSection
	GlobalSection(ExtensibilityGlobals) = postSolution
		SolutionGuid = {58B1C5C0-67E1-41E3-9476-4CDBA9A1FB7C}
	EndGlobalSection
EndGlobal
